
Microsoft Visual Studio Solution File, Format Version 12.00
# Visual Studio Version 16
VisualStudioVersion = 16.0.31112.23
MinimumVisualStudioVersion = 10.0.40219.1
Project("{2150E333-8FDC-42A3-9474-1A3956D46DE8}") = "Services", "Services", "{588093B8-DC7D-4A74-8076-28588AC3240C}"
EndProject
Project("{2150E333-8FDC-42A3-9474-1A3956D46DE8}") = "Catalog", "Catalog", "{844BDE81-9E51-4383-88BE-B6FC218E3CC3}"
EndProject
Project("{FAE04EC0-301F-11D3-BF4B-00C04F79EFBC}") = "Catalog.API", "Services\Catalog\Catalog.API\Catalog.API.csproj", "{D01E20A2-218A-45FF-B69D-DBB1D9F9D6D0}"
EndProject
Global
	GlobalSection(SolutionConfigurationPlatforms) = preSolution
		Debug|Any CPU = Debug|Any CPU
		Release|Any CPU = Release|Any CPU
	EndGlobalSection
	GlobalSection(ProjectConfigurationPlatforms) = postSolution
		{D01E20A2-218A-45FF-B69D-DBB1D9F9D6D0}.Debug|Any CPU.ActiveCfg = Debug|Any CPU
		{D01E20A2-218A-45FF-B69D-DBB1D9F9D6D0}.Debug|Any CPU.Build.0 = Debug|Any CPU
		{D01E20A2-218A-45FF-B69D-DBB1D9F9D6D0}.Release|Any CPU.ActiveCfg = Release|Any CPU
		{D01E20A2-218A-45FF-B69D-DBB1D9F9D6D0}.Release|Any CPU.Build.0 = Release|Any CPU
	EndGlobalSection
	GlobalSection(SolutionProperties) = preSolution
		HideSolutionNode = FALSE
	EndGlobalSection
	GlobalSection(NestedProjects) = preSolution
		{844BDE81-9E51-4383-88BE-B6FC218E3CC3} = {588093B8-DC7D-4A74-8076-28588AC3240C}
		{D01E20A2-218A-45FF-B69D-DBB1D9F9D6D0} = {844BDE81-9E51-4383-88BE-B6FC218E3CC3}
	EndGlobalSection
	GlobalSection(ExtensibilityGlobals) = postSolution
		SolutionGuid = {9CDA38AC-53DB-4E39-AA6F-C549CB575511}
	EndGlobalSection
EndGlobal
